
Microsoft Visual Studio Solution File, Format Version 12.00
# Visual Studio Version 17
VisualStudioVersion = 17.12.35521.163
MinimumVisualStudioVersion = 10.0.40219.1
Project("{FAE04EC0-301F-11D3-BF4B-00C04F79EFBC}") = "Aula_03", "Aula_03\Aula_03.csproj", "{F54C9365-1A5A-4EE9-9C86-D1F23B006343}"
EndProject
Project("{FAE04EC0-301F-11D3-BF4B-00C04F79EFBC}") = "EX_01", "EX_01\EX_01.csproj", "{51293A4F-2263-4FC3-AD3E-4FDDFFD0EB5F}"
EndProject
Project("{FAE04EC0-301F-11D3-BF4B-00C04F79EFBC}") = "EX_20", "EX_20\EX_20.csproj", "{38EDB479-8562-431E-BA15-2BDADE572C4A}"
EndProject
Project("{FAE04EC0-301F-11D3-BF4B-00C04F79EFBC}") = "EX_02", "EX_02\EX_02.csproj", "{91C82309-CE6B-42EC-B941-1E26BCE5FCDE}"
EndProject
Project("{FAE04EC0-301F-11D3-BF4B-00C04F79EFBC}") = "EX_03", "EX_03\EX_03.csproj", "{5C45F309-2365-4CCE-9D24-509111939D5C}"
EndProject
Project("{FAE04EC0-301F-11D3-BF4B-00C04F79EFBC}") = "EX_04", "EX_04\EX_04.csproj", "{A4153B54-D22E-40CE-A76D-2A367D5B52DF}"
EndProject
Project("{FAE04EC0-301F-11D3-BF4B-00C04F79EFBC}") = "EX_05", "EX_05\EX_05.csproj", "{1BDC3245-E877-4B3C-8E1C-18BFB247CE90}"
EndProject
Project("{FAE04EC0-301F-11D3-BF4B-00C04F79EFBC}") = "EX_06", "EX_06\EX_06.csproj", "{62EAAC3C-B7F5-434C-8032-73AB45547974}"
EndProject
Project("{FAE04EC0-301F-11D3-BF4B-00C04F79EFBC}") = "EX_07", "EX_07\EX_07.csproj", "{8504B94B-C674-4D3A-90CF-057C94CE1ED1}"
EndProject
Project("{FAE04EC0-301F-11D3-BF4B-00C04F79EFBC}") = "EX_08", "EX_08\EX_08.csproj", "{2EE3174E-62DA-4470-89E3-7737BAF39808}"
EndProject
Project("{FAE04EC0-301F-11D3-BF4B-00C04F79EFBC}") = "EX_09", "EX_09\EX_09.csproj", "{F47793A1-2E95-4C16-B80A-1E47F7766E87}"
EndProject
Project("{FAE04EC0-301F-11D3-BF4B-00C04F79EFBC}") = "EX_10", "EX_10\EX_10.csproj", "{E2BB0B54-EC6C-4A90-8BFE-9AB33AAF0BFB}"
EndProject
Global
	GlobalSection(SolutionConfigurationPlatforms) = preSolution
		Debug|Any CPU = Debug|Any CPU
		Release|Any CPU = Release|Any CPU
	EndGlobalSection
	GlobalSection(ProjectConfigurationPlatforms) = postSolution
		{F54C9365-1A5A-4EE9-9C86-D1F23B006343}.Debug|Any CPU.ActiveCfg = Debug|Any CPU
		{F54C9365-1A5A-4EE9-9C86-D1F23B006343}.Debug|Any CPU.Build.0 = Debug|Any CPU
		{F54C9365-1A5A-4EE9-9C86-D1F23B006343}.Release|Any CPU.ActiveCfg = Release|Any CPU
		{F54C9365-1A5A-4EE9-9C86-D1F23B006343}.Release|Any CPU.Build.0 = Release|Any CPU
		{51293A4F-2263-4FC3-AD3E-4FDDFFD0EB5F}.Debug|Any CPU.ActiveCfg = Debug|Any CPU
		{51293A4F-2263-4FC3-AD3E-4FDDFFD0EB5F}.Debug|Any CPU.Build.0 = Debug|Any CPU
		{51293A4F-2263-4FC3-AD3E-4FDDFFD0EB5F}.Release|Any CPU.ActiveCfg = Release|Any CPU
		{51293A4F-2263-4FC3-AD3E-4FDDFFD0EB5F}.Release|Any CPU.Build.0 = Release|Any CPU
		{38EDB479-8562-431E-BA15-2BDADE572C4A}.Debug|Any CPU.ActiveCfg = Debug|Any CPU
		{38EDB479-8562-431E-BA15-2BDADE572C4A}.Debug|Any CPU.Build.0 = Debug|Any CPU
		{38EDB479-8562-431E-BA15-2BDADE572C4A}.Release|Any CPU.ActiveCfg = Release|Any CPU
		{38EDB479-8562-431E-BA15-2BDADE572C4A}.Release|Any CPU.Build.0 = Release|Any CPU
		{91C82309-CE6B-42EC-B941-1E26BCE5FCDE}.Debug|Any CPU.ActiveCfg = Debug|Any CPU
		{91C82309-CE6B-42EC-B941-1E26BCE5FCDE}.Debug|Any CPU.Build.0 = Debug|Any CPU
		{91C82309-CE6B-42EC-B941-1E26BCE5FCDE}.Release|Any CPU.ActiveCfg = Release|Any CPU
		{91C82309-CE6B-42EC-B941-1E26BCE5FCDE}.Release|Any CPU.Build.0 = Release|Any CPU
		{5C45F309-2365-4CCE-9D24-509111939D5C}.Debug|Any CPU.ActiveCfg = Debug|Any CPU
		{5C45F309-2365-4CCE-9D24-509111939D5C}.Debug|Any CPU.Build.0 = Debug|Any CPU
		{5C45F309-2365-4CCE-9D24-509111939D5C}.Release|Any CPU.ActiveCfg = Release|Any CPU
		{5C45F309-2365-4CCE-9D24-509111939D5C}.Release|Any CPU.Build.0 = Release|Any CPU
		{A4153B54-D22E-40CE-A76D-2A367D5B52DF}.Debug|Any CPU.ActiveCfg = Debug|Any CPU
		{A4153B54-D22E-40CE-A76D-2A367D5B52DF}.Debug|Any CPU.Build.0 = Debug|Any CPU
		{A4153B54-D22E-40CE-A76D-2A367D5B52DF}.Release|Any CPU.ActiveCfg = Release|Any CPU
		{A4153B54-D22E-40CE-A76D-2A367D5B52DF}.Release|Any CPU.Build.0 = Release|Any CPU
		{1BDC3245-E877-4B3C-8E1C-18BFB247CE90}.Debug|Any CPU.ActiveCfg = Debug|Any CPU
		{1BDC3245-E877-4B3C-8E1C-18BFB247CE90}.Debug|Any CPU.Build.0 = Debug|Any CPU
		{1BDC3245-E877-4B3C-8E1C-18BFB247CE90}.Release|Any CPU.ActiveCfg = Release|Any CPU
		{1BDC3245-E877-4B3C-8E1C-18BFB247CE90}.Release|Any CPU.Build.0 = Release|Any CPU
		{62EAAC3C-B7F5-434C-8032-73AB45547974}.Debug|Any CPU.ActiveCfg = Debug|Any CPU
		{62EAAC3C-B7F5-434C-8032-73AB45547974}.Debug|Any CPU.Build.0 = Debug|Any CPU
		{62EAAC3C-B7F5-434C-8032-73AB45547974}.Release|Any CPU.ActiveCfg = Release|Any CPU
		{62EAAC3C-B7F5-434C-8032-73AB45547974}.Release|Any CPU.Build.0 = Release|Any CPU
		{8504B94B-C674-4D3A-90CF-057C94CE1ED1}.Debug|Any CPU.ActiveCfg = Debug|Any CPU
		{8504B94B-C674-4D3A-90CF-057C94CE1ED1}.Debug|Any CPU.Build.0 = Debug|Any CPU
		{8504B94B-C674-4D3A-90CF-057C94CE1ED1}.Release|Any CPU.ActiveCfg = Release|Any CPU
		{8504B94B-C674-4D3A-90CF-057C94CE1ED1}.Release|Any CPU.Build.0 = Release|Any CPU
		{2EE3174E-62DA-4470-89E3-7737BAF39808}.Debug|Any CPU.ActiveCfg = Debug|Any CPU
		{2EE3174E-62DA-4470-89E3-7737BAF39808}.Debug|Any CPU.Build.0 = Debug|Any CPU
		{2EE3174E-62DA-4470-89E3-7737BAF39808}.Release|Any CPU.ActiveCfg = Release|Any CPU
		{2EE3174E-62DA-4470-89E3-7737BAF39808}.Release|Any CPU.Build.0 = Release|Any CPU
		{F47793A1-2E95-4C16-B80A-1E47F7766E87}.Debug|Any CPU.ActiveCfg = Debug|Any CPU
		{F47793A1-2E95-4C16-B80A-1E47F7766E87}.Debug|Any CPU.Build.0 = Debug|Any CPU
		{F47793A1-2E95-4C16-B80A-1E47F7766E87}.Release|Any CPU.ActiveCfg = Release|Any CPU
		{F47793A1-2E95-4C16-B80A-1E47F7766E87}.Release|Any CPU.Build.0 = Release|Any CPU
		{E2BB0B54-EC6C-4A90-8BFE-9AB33AAF0BFB}.Debug|Any CPU.ActiveCfg = Debug|Any CPU
		{E2BB0B54-EC6C-4A90-8BFE-9AB33AAF0BFB}.Debug|Any CPU.Build.0 = Debug|Any CPU
		{E2BB0B54-EC6C-4A90-8BFE-9AB33AAF0BFB}.Release|Any CPU.ActiveCfg = Release|Any CPU
		{E2BB0B54-EC6C-4A90-8BFE-9AB33AAF0BFB}.Release|Any CPU.Build.0 = Release|Any CPU
	EndGlobalSection
	GlobalSection(SolutionProperties) = preSolution
		HideSolutionNode = FALSE
	EndGlobalSection
EndGlobal
